// !$*UTF8*$!
{
	archiveVersion = 1;
	classes = {
	};
	objectVersion = 50;
	objects = {

/* Begin PBXBuildFile section */
		B104435D26763A6F004E23ED /* EmojiArtApp.swift in Sources */ = {isa = PBXBuildFile; fileRef = B104435C26763A6F004E23ED /* EmojiArtApp.swift */; };
		B104435F26763A6F004E23ED /* EmojiArtDocumentView.swift in Sources */ = {isa = PBXBuildFile; fileRef = B104435E26763A6F004E23ED /* EmojiArtDocumentView.swift */; };
		B104436126763A74004E23ED /* Assets.xcassets in Resources */ = {isa = PBXBuildFile; fileRef = B104436026763A74004E23ED /* Assets.xcassets */; };
		B104436426763A74004E23ED /* Preview Assets.xcassets in Resources */ = {isa = PBXBuildFile; fileRef = B104436326763A74004E23ED /* Preview Assets.xcassets */; };
		B104436C26763B49004E23ED /* EmojiArtModel.swift in Sources */ = {isa = PBXBuildFile; fileRef = B104436B26763B49004E23ED /* EmojiArtModel.swift */; };
		B1093AEA26A72914005DC365 /* PaletteManager.swift in Sources */ = {isa = PBXBuildFile; fileRef = B1093AE926A72914005DC365 /* PaletteManager.swift */; };
		B1754FCA26D2A154003D466A /* Camera.swift in Sources */ = {isa = PBXBuildFile; fileRef = B1754FC926D2A153003D466A /* Camera.swift */; };
		B1754FCC26D3CA89003D466A /* PhotoLibrary.swift in Sources */ = {isa = PBXBuildFile; fileRef = B1754FCB26D3CA89003D466A /* PhotoLibrary.swift */; };
		B1C9EA1D26765385005169B5 /* EmojiArtModel.Background.swift in Sources */ = {isa = PBXBuildFile; fileRef = B1C9EA1C26765385005169B5 /* EmojiArtModel.Background.swift */; };
		B1C9EA1F26765747005169B5 /* EmojiArtDocument.swift in Sources */ = {isa = PBXBuildFile; fileRef = B1C9EA1E26765747005169B5 /* EmojiArtDocument.swift */; };
		B1C9EA2126766A91005169B5 /* UtilityExtensions.swift in Sources */ = {isa = PBXBuildFile; fileRef = B1C9EA2026766A91005169B5 /* UtilityExtensions.swift */; };
		B1C9EA2326766E64005169B5 /* UtilityViews.swift in Sources */ = {isa = PBXBuildFile; fileRef = B1C9EA2226766E64005169B5 /* UtilityViews.swift */; };
		B1E2B1FB269DE0E8003009DB /* PaletteStore.swift in Sources */ = {isa = PBXBuildFile; fileRef = B1E2B1FA269DE0E8003009DB /* PaletteStore.swift */; };
		B1E2B1FD26A1D58B003009DB /* PaletteChoser.swift in Sources */ = {isa = PBXBuildFile; fileRef = B1E2B1FC26A1D58B003009DB /* PaletteChoser.swift */; };
		B1E2B1FF26A49BCA003009DB /* PaletteEditor.swift in Sources */ = {isa = PBXBuildFile; fileRef = B1E2B1FE26A49BCA003009DB /* PaletteEditor.swift */; };
/* End PBXBuildFile section */

/* Begin PBXFileReference section */
		B104435926763A6F004E23ED /* EmojiArt.app */ = {isa = PBXFileReference; explicitFileType = wrapper.application; includeInIndex = 0; path = EmojiArt.app; sourceTree = BUILT_PRODUCTS_DIR; };
		B104435C26763A6F004E23ED /* EmojiArtApp.swift */ = {isa = PBXFileReference; lastKnownFileType = sourcecode.swift; path = EmojiArtApp.swift; sourceTree = "<group>"; };
		B104435E26763A6F004E23ED /* EmojiArtDocumentView.swift */ = {isa = PBXFileReference; lastKnownFileType = sourcecode.swift; path = EmojiArtDocumentView.swift; sourceTree = "<group>"; };
		B104436026763A74004E23ED /* Assets.xcassets */ = {isa = PBXFileReference; lastKnownFileType = folder.assetcatalog; path = Assets.xcassets; sourceTree = "<group>"; };
		B104436326763A74004E23ED /* Preview Assets.xcassets */ = {isa = PBXFileReference; lastKnownFileType = folder.assetcatalog; path = "Preview Assets.xcassets"; sourceTree = "<group>"; };
		B104436526763A74004E23ED /* Info.plist */ = {isa = PBXFileReference; lastKnownFileType = text.plist.xml; path = Info.plist; sourceTree = "<group>"; };
		B104436B26763B49004E23ED /* EmojiArtModel.swift */ = {isa = PBXFileReference; lastKnownFileType = sourcecode.swift; path = EmojiArtModel.swift; sourceTree = "<group>"; };
		B1093AE926A72914005DC365 /* PaletteManager.swift */ = {isa = PBXFileReference; lastKnownFileType = sourcecode.swift; path = PaletteManager.swift; sourceTree = "<group>"; };
		B1754FC926D2A153003D466A /* Camera.swift */ = {isa = PBXFileReference; lastKnownFileType = sourcecode.swift; path = Camera.swift; sourceTree = "<group>"; };
		B1754FCB26D3CA89003D466A /* PhotoLibrary.swift */ = {isa = PBXFileReference; fileEncoding = 4; lastKnownFileType = sourcecode.swift; path = PhotoLibrary.swift; sourceTree = "<group>"; };
		B1C9EA1C26765385005169B5 /* EmojiArtModel.Background.swift */ = {isa = PBXFileReference; lastKnownFileType = sourcecode.swift; path = EmojiArtModel.Background.swift; sourceTree = "<group>"; };
		B1C9EA1E26765747005169B5 /* EmojiArtDocument.swift */ = {isa = PBXFileReference; lastKnownFileType = sourcecode.swift; path = EmojiArtDocument.swift; sourceTree = "<group>"; };
		B1C9EA2026766A91005169B5 /* UtilityExtensions.swift */ = {isa = PBXFileReference; fileEncoding = 4; lastKnownFileType = sourcecode.swift; path = UtilityExtensions.swift; sourceTree = "<group>"; };
		B1C9EA2226766E64005169B5 /* UtilityViews.swift */ = {isa = PBXFileReference; fileEncoding = 4; lastKnownFileType = sourcecode.swift; path = UtilityViews.swift; sourceTree = "<group>"; };
		B1E2B1FA269DE0E8003009DB /* PaletteStore.swift */ = {isa = PBXFileReference; lastKnownFileType = sourcecode.swift; path = PaletteStore.swift; sourceTree = "<group>"; };
		B1E2B1FC26A1D58B003009DB /* PaletteChoser.swift */ = {isa = PBXFileReference; lastKnownFileType = sourcecode.swift; path = PaletteChoser.swift; sourceTree = "<group>"; };
		B1E2B1FE26A49BCA003009DB /* PaletteEditor.swift */ = {isa = PBXFileReference; lastKnownFileType = sourcecode.swift; path = PaletteEditor.swift; sourceTree = "<group>"; };
/* End PBXFileReference section */

/* Begin PBXFrameworksBuildPhase section */
		B104435626763A6E004E23ED /* Frameworks */ = {
			isa = PBXFrameworksBuildPhase;
			buildActionMask = 2147483647;
			files = (
			);
			runOnlyForDeploymentPostprocessing = 0;
		};
/* End PBXFrameworksBuildPhase section */

/* Begin PBXGroup section */
		B104435026763A6E004E23ED = {
			isa = PBXGroup;
			children = (
				B104435B26763A6F004E23ED /* EmojiArt */,
				B104435A26763A6F004E23ED /* Products */,
			);
			sourceTree = "<group>";
		};
		B104435A26763A6F004E23ED /* Products */ = {
			isa = PBXGroup;
			children = (
				B104435926763A6F004E23ED /* EmojiArt.app */,
			);
			name = Products;
			sourceTree = "<group>";
		};
		B104435B26763A6F004E23ED /* EmojiArt */ = {
			isa = PBXGroup;
			children = (
				B104435C26763A6F004E23ED /* EmojiArtApp.swift */,
				B104435E26763A6F004E23ED /* EmojiArtDocumentView.swift */,
				B1754FC926D2A153003D466A /* Camera.swift */,
				B1754FCB26D3CA89003D466A /* PhotoLibrary.swift */,
				B1E2B1FC26A1D58B003009DB /* PaletteChoser.swift */,
				B1E2B1FE26A49BCA003009DB /* PaletteEditor.swift */,
				B1093AE926A72914005DC365 /* PaletteManager.swift */,
				B1C9EA1E26765747005169B5 /* EmojiArtDocument.swift */,
				B1E2B1FA269DE0E8003009DB /* PaletteStore.swift */,
				B104436B26763B49004E23ED /* EmojiArtModel.swift */,
				B1C9EA1C26765385005169B5 /* EmojiArtModel.Background.swift */,
				B1C9EA2026766A91005169B5 /* UtilityExtensions.swift */,
				B1C9EA2226766E64005169B5 /* UtilityViews.swift */,
				B104436026763A74004E23ED /* Assets.xcassets */,
				B104436526763A74004E23ED /* Info.plist */,
				B104436226763A74004E23ED /* Preview Content */,
			);
			path = EmojiArt;
			sourceTree = "<group>";
		};
		B104436226763A74004E23ED /* Preview Content */ = {
			isa = PBXGroup;
			children = (
				B104436326763A74004E23ED /* Preview Assets.xcassets */,
			);
			path = "Preview Content";
			sourceTree = "<group>";
		};
/* End PBXGroup section */

/* Begin PBXNativeTarget section */
		B104435826763A6E004E23ED /* EmojiArt */ = {
			isa = PBXNativeTarget;
			buildConfigurationList = B104436826763A74004E23ED /* Build configuration list for PBXNativeTarget "EmojiArt" */;
			buildPhases = (
				B104435526763A6E004E23ED /* Sources */,
				B104435626763A6E004E23ED /* Frameworks */,
				B104435726763A6E004E23ED /* Resources */,
			);
			buildRules = (
			);
			dependencies = (
			);
			name = EmojiArt;
			productName = EmojiArt;
			productReference = B104435926763A6F004E23ED /* EmojiArt.app */;
			productType = "com.apple.product-type.application";
		};
/* End PBXNativeTarget section */

/* Begin PBXProject section */
		B104435126763A6E004E23ED /* Project object */ = {
			isa = PBXProject;
			attributes = {
				LastSwiftUpdateCheck = 1250;
				LastUpgradeCheck = 1250;
				TargetAttributes = {
					B104435826763A6E004E23ED = {
						CreatedOnToolsVersion = 12.5;
					};
				};
			};
			buildConfigurationList = B104435426763A6E004E23ED /* Build configuration list for PBXProject "EmojiArt" */;
			compatibilityVersion = "Xcode 9.3";
			developmentRegion = en;
			hasScannedForEncodings = 0;
			knownRegions = (
				en,
				Base,
			);
			mainGroup = B104435026763A6E004E23ED;
			productRefGroup = B104435A26763A6F004E23ED /* Products */;
			projectDirPath = "";
			projectRoot = "";
			targets = (
				B104435826763A6E004E23ED /* EmojiArt */,
			);
		};
/* End PBXProject section */

/* Begin PBXResourcesBuildPhase section */
		B104435726763A6E004E23ED /* Resources */ = {
			isa = PBXResourcesBuildPhase;
			buildActionMask = 2147483647;
			files = (
				B104436426763A74004E23ED /* Preview Assets.xcassets in Resources */,
				B104436126763A74004E23ED /* Assets.xcassets in Resources */,
			);
			runOnlyForDeploymentPostprocessing = 0;
		};
/* End PBXResourcesBuildPhase section */

/* Begin PBXSourcesBuildPhase section */
		B104435526763A6E004E23ED /* Sources */ = {
			isa = PBXSourcesBuildPhase;
			buildActionMask = 2147483647;
			files = (
				B1C9EA2326766E64005169B5 /* UtilityViews.swift in Sources */,
				B1754FCC26D3CA89003D466A /* PhotoLibrary.swift in Sources */,
				B1093AEA26A72914005DC365 /* PaletteManager.swift in Sources */,
				B1E2B1FB269DE0E8003009DB /* PaletteStore.swift in Sources */,
				B1E2B1FF26A49BCA003009DB /* PaletteEditor.swift in Sources */,
				B104435F26763A6F004E23ED /* EmojiArtDocumentView.swift in Sources */,
				B104435D26763A6F004E23ED /* EmojiArtApp.swift in Sources */,
				B1E2B1FD26A1D58B003009DB /* PaletteChoser.swift in Sources */,
				B1C9EA2126766A91005169B5 /* UtilityExtensions.swift in Sources */,
				B1754FCA26D2A154003D466A /* Camera.swift in Sources */,
				B1C9EA1F26765747005169B5 /* EmojiArtDocument.swift in Sources */,
				B104436C26763B49004E23ED /* EmojiArtModel.swift in Sources */,
				B1C9EA1D26765385005169B5 /* EmojiArtModel.Background.swift in Sources */,
			);
			runOnlyForDeploymentPostprocessing = 0;
		};
/* End PBXSourcesBuildPhase section */

/* Begin XCBuildConfiguration section */
		B104436626763A74004E23ED /* Debug */ = {
			isa = XCBuildConfiguration;
			buildSettings = {
				ALWAYS_SEARCH_USER_PATHS = NO;
				CLANG_ANALYZER_NONNULL = YES;
				CLANG_ANALYZER_NUMBER_OBJECT_CONVERSION = YES_AGGRESSIVE;
				CLANG_CXX_LANGUAGE_STANDARD = "gnu++14";
				CLANG_CXX_LIBRARY = "libc++";
				CLANG_ENABLE_MODULES = YES;
				CLANG_ENABLE_OBJC_ARC = YES;
				CLANG_ENABLE_OBJC_WEAK = YES;
				CLANG_WARN_BLOCK_CAPTURE_AUTORELEASING = YES;
				CLANG_WARN_BOOL_CONVERSION = YES;
				CLANG_WARN_COMMA = YES;
				CLANG_WARN_CONSTANT_CONVERSION = YES;
				CLANG_WARN_DEPRECATED_OBJC_IMPLEMENTATIONS = YES;
				CLANG_WARN_DIRECT_OBJC_ISA_USAGE = YES_ERROR;
				CLANG_WARN_DOCUMENTATION_COMMENTS = YES;
				CLANG_WARN_EMPTY_BODY = YES;
				CLANG_WARN_ENUM_CONVERSION = YES;
				CLANG_WARN_INFINITE_RECURSION = YES;
				CLANG_WARN_INT_CONVERSION = YES;
				CLANG_WARN_NON_LITERAL_NULL_CONVERSION = YES;
				CLANG_WARN_OBJC_IMPLICIT_RETAIN_SELF = YES;
				CLANG_WARN_OBJC_LITERAL_CONVERSION = YES;
				CLANG_WARN_OBJC_ROOT_CLASS = YES_ERROR;
				CLANG_WARN_QUOTED_INCLUDE_IN_FRAMEWORK_HEADER = YES;
				CLANG_WARN_RANGE_LOOP_ANALYSIS = YES;
				CLANG_WARN_STRICT_PROTOTYPES = YES;
				CLANG_WARN_SUSPICIOUS_MOVE = YES;
				CLANG_WARN_UNGUARDED_AVAILABILITY = YES_AGGRESSIVE;
				CLANG_WARN_UNREACHABLE_CODE = YES;
				CLANG_WARN__DUPLICATE_METHOD_MATCH = YES;
				COPY_PHASE_STRIP = NO;
				DEBUG_INFORMATION_FORMAT = dwarf;
				ENABLE_STRICT_OBJC_MSGSEND = YES;
				ENABLE_TESTABILITY = YES;
				GCC_C_LANGUAGE_STANDARD = gnu11;
				GCC_DYNAMIC_NO_PIC = NO;
				GCC_NO_COMMON_BLOCKS = YES;
				GCC_OPTIMIZATION_LEVEL = 0;
				GCC_PREPROCESSOR_DEFINITIONS = (
					"DEBUG=1",
					"$(inherited)",
				);
				GCC_WARN_64_TO_32_BIT_CONVERSION = YES;
				GCC_WARN_ABOUT_RETURN_TYPE = YES_ERROR;
				GCC_WARN_UNDECLARED_SELECTOR = YES;
				GCC_WARN_UNINITIALIZED_AUTOS = YES_AGGRESSIVE;
				GCC_WARN_UNUSED_FUNCTION = YES;
				GCC_WARN_UNUSED_VARIABLE = YES;
				IPHONEOS_DEPLOYMENT_TARGET = 14.5;
				MTL_ENABLE_DEBUG_INFO = INCLUDE_SOURCE;
				MTL_FAST_MATH = YES;
				ONLY_ACTIVE_ARCH = YES;
				SDKROOT = iphoneos;
				SWIFT_ACTIVE_COMPILATION_CONDITIONS = DEBUG;
				SWIFT_OPTIMIZATION_LEVEL = "-Onone";
			};
			name = Debug;
		};
		B104436726763A74004E23ED /* Release */ = {
			isa = XCBuildConfiguration;
			buildSettings = {
				ALWAYS_SEARCH_USER_PATHS = NO;
				CLANG_ANALYZER_NONNULL = YES;
				CLANG_ANALYZER_NUMBER_OBJECT_CONVERSION = YES_AGGRESSIVE;
				CLANG_CXX_LANGUAGE_STANDARD = "gnu++14";
				CLANG_CXX_LIBRARY = "libc++";
				CLANG_ENABLE_MODULES = YES;
				CLANG_ENABLE_OBJC_ARC = YES;
				CLANG_ENABLE_OBJC_WEAK = YES;
				CLANG_WARN_BLOCK_CAPTURE_AUTORELEASING = YES;
				CLANG_WARN_BOOL_CONVERSION = YES;
				CLANG_WARN_COMMA = YES;
				CLANG_WARN_CONSTANT_CONVERSION = YES;
				CLANG_WARN_DEPRECATED_OBJC_IMPLEMENTATIONS = YES;
				CLANG_WARN_DIRECT_OBJC_ISA_USAGE = YES_ERROR;
				CLANG_WARN_DOCUMENTATION_COMMENTS = YES;
				CLANG_WARN_EMPTY_BODY = YES;
				CLANG_WARN_ENUM_CONVERSION = YES;
				CLANG_WARN_INFINITE_RECURSION = YES;
				CLANG_WARN_INT_CONVERSION = YES;
				CLANG_WARN_NON_LITERAL_NULL_CONVERSION = YES;
				CLANG_WARN_OBJC_IMPLICIT_RETAIN_SELF = YES;
				CLANG_WARN_OBJC_LITERAL_CONVERSION = YES;
				CLANG_WARN_OBJC_ROOT_CLASS = YES_ERROR;
				CLANG_WARN_QUOTED_INCLUDE_IN_FRAMEWORK_HEADER = YES;
				CLANG_WARN_RANGE_LOOP_ANALYSIS = YES;
				CLANG_WARN_STRICT_PROTOTYPES = YES;
				CLANG_WARN_SUSPICIOUS_MOVE = YES;
				CLANG_WARN_UNGUARDED_AVAILABILITY = YES_AGGRESSIVE;
				CLANG_WARN_UNREACHABLE_CODE = YES;
				CLANG_WARN__DUPLICATE_METHOD_MATCH = YES;
				COPY_PHASE_STRIP = NO;
				DEBUG_INFORMATION_FORMAT = "dwarf-with-dsym";
				ENABLE_NS_ASSERTIONS = NO;
				ENABLE_STRICT_OBJC_MSGSEND = YES;
				GCC_C_LANGUAGE_STANDARD = gnu11;
				GCC_NO_COMMON_BLOCKS = YES;
				GCC_WARN_64_TO_32_BIT_CONVERSION = YES;
				GCC_WARN_ABOUT_RETURN_TYPE = YES_ERROR;
				GCC_WARN_UNDECLARED_SELECTOR = YES;
				GCC_WARN_UNINITIALIZED_AUTOS = YES_AGGRESSIVE;
				GCC_WARN_UNUSED_FUNCTION = YES;
				GCC_WARN_UNUSED_VARIABLE = YES;
				IPHONEOS_DEPLOYMENT_TARGET = 14.5;
				MTL_ENABLE_DEBUG_INFO = NO;
				MTL_FAST_MATH = YES;
				SDKROOT = iphoneos;
				SWIFT_COMPILATION_MODE = wholemodule;
				SWIFT_OPTIMIZATION_LEVEL = "-O";
				VALIDATE_PRODUCT = YES;
			};
			name = Release;
		};
		B104436926763A74004E23ED /* Debug */ = {
			isa = XCBuildConfiguration;
			buildSettings = {
				ASSETCATALOG_COMPILER_APPICON_NAME = "AppIcon-1";
				ASSETCATALOG_COMPILER_GLOBAL_ACCENT_COLOR_NAME = AccentColor;
				CODE_SIGN_STYLE = Automatic;
				DEVELOPMENT_ASSET_PATHS = "\"EmojiArt/Preview Content\"";
				DEVELOPMENT_TEAM = CAE4XXMP5G;
				ENABLE_PREVIEWS = YES;
				INFOPLIST_FILE = EmojiArt/Info.plist;
				IPHONEOS_DEPLOYMENT_TARGET = 14.0;
				LD_RUNPATH_SEARCH_PATHS = (
					"$(inherited)",
					"@executable_path/Frameworks",
				);
				PRODUCT_BUNDLE_IDENTIFIER = com.hhugofalkman.EmojiArt;
				PRODUCT_NAME = "$(TARGET_NAME)";
				SWIFT_VERSION = 5.0;
				TARGETED_DEVICE_FAMILY = "1,2";
			};
			name = Debug;
		};
		B104436A26763A74004E23ED /* Release */ = {
			isa = XCBuildConfiguration;
			buildSettings = {
				ASSETCATALOG_COMPILER_APPICON_NAME = "AppIcon-1";
				ASSETCATALOG_COMPILER_GLOBAL_ACCENT_COLOR_NAME = AccentColor;
				CODE_SIGN_STYLE = Automatic;
				DEVELOPMENT_ASSET_PATHS = "\"EmojiArt/Preview Content\"";
				DEVELOPMENT_TEAM = CAE4XXMP5G;
				ENABLE_PREVIEWS = YES;
				INFOPLIST_FILE = EmojiArt/Info.plist;
				IPHONEOS_DEPLOYMENT_TARGET = 14.0;
				LD_RUNPATH_SEARCH_PATHS = (
					"$(inherited)",
					"@executable_path/Frameworks",
				);
				PRODUCT_BUNDLE_IDENTIFIER = com.hhugofalkman.EmojiArt;
				PRODUCT_NAME = "$(TARGET_NAME)";
				SWIFT_VERSION = 5.0;
				TARGETED_DEVICE_FAMILY = "1,2";
			};
			name = Release;
		};
/* End XCBuildConfiguration section */

/* Begin XCConfigurationList section */
		B104435426763A6E004E23ED /* Build configuration list for PBXProject "EmojiArt" */ = {
			isa = XCConfigurationList;
			buildConfigurations = (
				B104436626763A74004E23ED /* Debug */,
				B104436726763A74004E23ED /* Release */,
			);
			defaultConfigurationIsVisible = 0;
			defaultConfigurationName = Release;
		};
		B104436826763A74004E23ED /* Build configuration list for PBXNativeTarget "EmojiArt" */ = {
			isa = XCConfigurationList;
			buildConfigurations = (
				B104436926763A74004E23ED /* Debug */,
				B104436A26763A74004E23ED /* Release */,
			);
			defaultConfigurationIsVisible = 0;
			defaultConfigurationName = Release;
		};
/* End XCConfigurationList section */
	};
	rootObject = B104435126763A6E004E23ED /* Project object */;
}
